
Microsoft Visual Studio Solution File, Format Version 12.00
# Visual Studio Version 17
VisualStudioVersion = 17.7.34009.444
MinimumVisualStudioVersion = 10.0.40219.1
Project("{FAE04EC0-301F-11D3-BF4B-00C04F79EFBC}") = "kontrolni26092025_AleksejJuzin_III3", "kontrolni26092025_AleksejJuzin_III3.csproj", "{FE19F30F-36BD-4A4B-8F58-E3FFDE4E9DA7}"
EndProject
Global
	GlobalSection(SolutionConfigurationPlatforms) = preSolution
		Debug|Any CPU = Debug|Any CPU
		Release|Any CPU = Release|Any CPU
	EndGlobalSection
	GlobalSection(ProjectConfigurationPlatforms) = postSolution
		{FE19F30F-36BD-4A4B-8F58-E3FFDE4E9DA7}.Debug|Any CPU.ActiveCfg = Debug|Any CPU
		{FE19F30F-36BD-4A4B-8F58-E3FFDE4E9DA7}.Debug|Any CPU.Build.0 = Debug|Any CPU
		{FE19F30F-36BD-4A4B-8F58-E3FFDE4E9DA7}.Release|Any CPU.ActiveCfg = Release|Any CPU
		{FE19F30F-36BD-4A4B-8F58-E3FFDE4E9DA7}.Release|Any CPU.Build.0 = Release|Any CPU
	EndGlobalSection
	GlobalSection(SolutionProperties) = preSolution
		HideSolutionNode = FALSE
	EndGlobalSection
	GlobalSection(ExtensibilityGlobals) = postSolution
		SolutionGuid = {557C4197-4512-465E-9E71-3054438B9C08}
	EndGlobalSection
EndGlobal
